
Microsoft Visual Studio Solution File, Format Version 12.00
# Visual Studio Version 17
VisualStudioVersion = 17.11.35303.130
MinimumVisualStudioVersion = 10.0.40219.1
Project("{FAE04EC0-301F-11D3-BF4B-00C04F79EFBC}") = "CatanBoardGenerator", "CatanBoardGenerator\CatanBoardGenerator.csproj", "{90FF6999-784F-4F92-96A4-289085ED4C16}"
EndProject
Global
	GlobalSection(SolutionConfigurationPlatforms) = preSolution
		Debug|Any CPU = Debug|Any CPU
		Release|Any CPU = Release|Any CPU
	EndGlobalSection
	GlobalSection(ProjectConfigurationPlatforms) = postSolution
		{90FF6999-784F-4F92-96A4-289085ED4C16}.Debug|Any CPU.ActiveCfg = Debug|Any CPU
		{90FF6999-784F-4F92-96A4-289085ED4C16}.Debug|Any CPU.Build.0 = Debug|Any CPU
		{90FF6999-784F-4F92-96A4-289085ED4C16}.Release|Any CPU.ActiveCfg = Release|Any CPU
		{90FF6999-784F-4F92-96A4-289085ED4C16}.Release|Any CPU.Build.0 = Release|Any CPU
	EndGlobalSection
	GlobalSection(SolutionProperties) = preSolution
		HideSolutionNode = FALSE
	EndGlobalSection
	GlobalSection(ExtensibilityGlobals) = postSolution
		SolutionGuid = {EFB36F68-0DF9-4327-9051-48A11AA74648}
	EndGlobalSection
EndGlobal
